
Microsoft Visual Studio Solution File, Format Version 12.00
# Visual Studio 15
VisualStudioVersion = 15.0.27703.2018
MinimumVisualStudioVersion = 10.0.40219.1
Project("{FAE04EC0-301F-11D3-BF4B-00C04F79EFBC}") = "DealTransfer", "DealTransfer\DealTransfer.csproj", "{A67CA34E-E8FE-4166-9265-732D03CCDFBA}"
EndProject
Global
	GlobalSection(SolutionConfigurationPlatforms) = preSolution
		Debug|Any CPU = Debug|Any CPU
		Release|Any CPU = Release|Any CPU
	EndGlobalSection
	GlobalSection(ProjectConfigurationPlatforms) = postSolution
		{A67CA34E-E8FE-4166-9265-732D03CCDFBA}.Debug|Any CPU.ActiveCfg = Debug|Any CPU
		{A67CA34E-E8FE-4166-9265-732D03CCDFBA}.Debug|Any CPU.Build.0 = Debug|Any CPU
		{A67CA34E-E8FE-4166-9265-732D03CCDFBA}.Release|Any CPU.ActiveCfg = Release|Any CPU
		{A67CA34E-E8FE-4166-9265-732D03CCDFBA}.Release|Any CPU.Build.0 = Release|Any CPU
	EndGlobalSection
	GlobalSection(SolutionProperties) = preSolution
		HideSolutionNode = FALSE
	EndGlobalSection
	GlobalSection(ExtensibilityGlobals) = postSolution
		SolutionGuid = {DB9DF3BD-5F20-40D3-95DD-EBE42025B3B8}
	EndGlobalSection
EndGlobal
